
Microsoft Visual Studio Solution File, Format Version 12.00
# Visual Studio Version 16
VisualStudioVersion = 16.0.30114.105
MinimumVisualStudioVersion = 10.0.40219.1
Project("{9A19103F-16F7-4668-BE54-9A1E7A4F7556}") = "BulkyBook", "BulkyBook\BulkyBook.csproj", "{C4C56156-4BF2-4342-A5F5-792211E1CCDF}"
EndProject
Project("{2150E333-8FDC-42A3-9474-1A3956D46DE8}") = "Solution Items", "Solution Items", "{2669BFCB-149D-4371-9E81-5BCCAC69FB61}"
	ProjectSection(SolutionItems) = preProject
		README.md = README.md
	EndProjectSection
EndProject
Project("{FAE04EC0-301F-11D3-BF4B-00C04F79EFBC}") = "BulkyBook.Models", "BulkyBook.Models\BulkyBook.Models.csproj", "{5BB1BD71-EF61-45D5-A7C9-311EE41134E8}"
EndProject
Project("{FAE04EC0-301F-11D3-BF4B-00C04F79EFBC}") = "BulkyBook.DataAccess", "BulkyBook.DataAccess\BulkyBook.DataAccess.csproj", "{68F8C080-2458-4BFE-A126-3CC8C7D16C39}"
EndProject
Project("{FAE04EC0-301F-11D3-BF4B-00C04F79EFBC}") = "BulkyBook.Utility", "BulkyBook.Utility\BulkyBook.Utility.csproj", "{2F47518A-2198-4F85-8171-2B1922852345}"
EndProject
Global
	GlobalSection(SolutionConfigurationPlatforms) = preSolution
		Debug|Any CPU = Debug|Any CPU
		Release|Any CPU = Release|Any CPU
	EndGlobalSection
	GlobalSection(ProjectConfigurationPlatforms) = postSolution
		{C4C56156-4BF2-4342-A5F5-792211E1CCDF}.Debug|Any CPU.ActiveCfg = Debug|Any CPU
		{C4C56156-4BF2-4342-A5F5-792211E1CCDF}.Debug|Any CPU.Build.0 = Debug|Any CPU
		{C4C56156-4BF2-4342-A5F5-792211E1CCDF}.Release|Any CPU.ActiveCfg = Release|Any CPU
		{C4C56156-4BF2-4342-A5F5-792211E1CCDF}.Release|Any CPU.Build.0 = Release|Any CPU
		{5BB1BD71-EF61-45D5-A7C9-311EE41134E8}.Debug|Any CPU.ActiveCfg = Debug|Any CPU
		{5BB1BD71-EF61-45D5-A7C9-311EE41134E8}.Debug|Any CPU.Build.0 = Debug|Any CPU
		{5BB1BD71-EF61-45D5-A7C9-311EE41134E8}.Release|Any CPU.ActiveCfg = Release|Any CPU
		{5BB1BD71-EF61-45D5-A7C9-311EE41134E8}.Release|Any CPU.Build.0 = Release|Any CPU
		{68F8C080-2458-4BFE-A126-3CC8C7D16C39}.Debug|Any CPU.ActiveCfg = Debug|Any CPU
		{68F8C080-2458-4BFE-A126-3CC8C7D16C39}.Debug|Any CPU.Build.0 = Debug|Any CPU
		{68F8C080-2458-4BFE-A126-3CC8C7D16C39}.Release|Any CPU.ActiveCfg = Release|Any CPU
		{68F8C080-2458-4BFE-A126-3CC8C7D16C39}.Release|Any CPU.Build.0 = Release|Any CPU
		{2F47518A-2198-4F85-8171-2B1922852345}.Debug|Any CPU.ActiveCfg = Debug|Any CPU
		{2F47518A-2198-4F85-8171-2B1922852345}.Debug|Any CPU.Build.0 = Debug|Any CPU
		{2F47518A-2198-4F85-8171-2B1922852345}.Release|Any CPU.ActiveCfg = Release|Any CPU
		{2F47518A-2198-4F85-8171-2B1922852345}.Release|Any CPU.Build.0 = Release|Any CPU
	EndGlobalSection
	GlobalSection(SolutionProperties) = preSolution
		HideSolutionNode = FALSE
	EndGlobalSection
	GlobalSection(ExtensibilityGlobals) = postSolution
		SolutionGuid = {E5BE7393-A191-47FB-9ED0-59FEB4EA796F}
	EndGlobalSection
EndGlobal
